// !$*UTF8*$!
{
	archiveVersion = 1;
	classes = {
	};
	objectVersion = 55;
	objects = {

/* Begin PBXBuildFile section */
		CDD8205328BD9EEA0014217A /* AppDelegate.swift in Sources */ = {isa = PBXBuildFile; fileRef = CDD8205228BD9EEA0014217A /* AppDelegate.swift */; };
		CDD8205528BD9EEA0014217A /* SceneDelegate.swift in Sources */ = {isa = PBXBuildFile; fileRef = CDD8205428BD9EEA0014217A /* SceneDelegate.swift */; };
		CDD8205728BD9EEA0014217A /* ViewController.swift in Sources */ = {isa = PBXBuildFile; fileRef = CDD8205628BD9EEA0014217A /* ViewController.swift */; };
		CDD8205C28BD9EEC0014217A /* Assets.xcassets in Resources */ = {isa = PBXBuildFile; fileRef = CDD8205B28BD9EEC0014217A /* Assets.xcassets */; };
		CDD8205F28BD9EEC0014217A /* LaunchScreen.storyboard in Resources */ = {isa = PBXBuildFile; fileRef = CDD8205D28BD9EEC0014217A /* LaunchScreen.storyboard */; };
		CDD8206828BDB42D0014217A /* ComposableArchitecture in Frameworks */ = {isa = PBXBuildFile; productRef = CDD8206728BDB42D0014217A /* ComposableArchitecture */; };
		CDD8206B28BDB44B0014217A /* SnapKit in Frameworks */ = {isa = PBXBuildFile; productRef = CDD8206A28BDB44B0014217A /* SnapKit */; };
		CDD8206E28BDB8EC0014217A /* PokemonInfoCollectionViewCell.swift in Sources */ = {isa = PBXBuildFile; fileRef = CDD8206D28BDB8EC0014217A /* PokemonInfoCollectionViewCell.swift */; };
		CDD8207028BDF5BB0014217A /* UIView+Extension.swift in Sources */ = {isa = PBXBuildFile; fileRef = CDD8206F28BDF5BB0014217A /* UIView+Extension.swift */; };
/* End PBXBuildFile section */

/* Begin PBXFileReference section */
		CDD8204F28BD9EEA0014217A /* tca-pokemon.app */ = {isa = PBXFileReference; explicitFileType = wrapper.application; includeInIndex = 0; path = "tca-pokemon.app"; sourceTree = BUILT_PRODUCTS_DIR; };
		CDD8205228BD9EEA0014217A /* AppDelegate.swift */ = {isa = PBXFileReference; lastKnownFileType = sourcecode.swift; path = AppDelegate.swift; sourceTree = "<group>"; };
		CDD8205428BD9EEA0014217A /* SceneDelegate.swift */ = {isa = PBXFileReference; lastKnownFileType = sourcecode.swift; path = SceneDelegate.swift; sourceTree = "<group>"; };
		CDD8205628BD9EEA0014217A /* ViewController.swift */ = {isa = PBXFileReference; lastKnownFileType = sourcecode.swift; path = ViewController.swift; sourceTree = "<group>"; };
		CDD8205B28BD9EEC0014217A /* Assets.xcassets */ = {isa = PBXFileReference; lastKnownFileType = folder.assetcatalog; path = Assets.xcassets; sourceTree = "<group>"; };
		CDD8205E28BD9EEC0014217A /* Base */ = {isa = PBXFileReference; lastKnownFileType = file.storyboard; name = Base; path = Base.lproj/LaunchScreen.storyboard; sourceTree = "<group>"; };
		CDD8206028BD9EEC0014217A /* Info.plist */ = {isa = PBXFileReference; lastKnownFileType = text.plist.xml; path = Info.plist; sourceTree = "<group>"; };
		CDD8206D28BDB8EC0014217A /* PokemonInfoCollectionViewCell.swift */ = {isa = PBXFileReference; lastKnownFileType = sourcecode.swift; path = PokemonInfoCollectionViewCell.swift; sourceTree = "<group>"; };
		CDD8206F28BDF5BB0014217A /* UIView+Extension.swift */ = {isa = PBXFileReference; lastKnownFileType = sourcecode.swift; path = "UIView+Extension.swift"; sourceTree = "<group>"; };
/* End PBXFileReference section */

/* Begin PBXFrameworksBuildPhase section */
		CDD8204C28BD9EEA0014217A /* Frameworks */ = {
			isa = PBXFrameworksBuildPhase;
			buildActionMask = 2147483647;
			files = (
				CDD8206828BDB42D0014217A /* ComposableArchitecture in Frameworks */,
				CDD8206B28BDB44B0014217A /* SnapKit in Frameworks */,
			);
			runOnlyForDeploymentPostprocessing = 0;
		};
/* End PBXFrameworksBuildPhase section */

/* Begin PBXGroup section */
		CDD8204628BD9EEA0014217A = {
			isa = PBXGroup;
			children = (
				CDD8205128BD9EEA0014217A /* tca-pokemon */,
				CDD8205028BD9EEA0014217A /* Products */,
			);
			sourceTree = "<group>";
		};
		CDD8205028BD9EEA0014217A /* Products */ = {
			isa = PBXGroup;
			children = (
				CDD8204F28BD9EEA0014217A /* tca-pokemon.app */,
			);
			name = Products;
			sourceTree = "<group>";
		};
		CDD8205128BD9EEA0014217A /* tca-pokemon */ = {
			isa = PBXGroup;
			children = (
				CDD8206C28BDB7350014217A /* View */,
				CDD8205228BD9EEA0014217A /* AppDelegate.swift */,
				CDD8205428BD9EEA0014217A /* SceneDelegate.swift */,
				CDD8205628BD9EEA0014217A /* ViewController.swift */,
				CDD8205B28BD9EEC0014217A /* Assets.xcassets */,
				CDD8205D28BD9EEC0014217A /* LaunchScreen.storyboard */,
				CDD8206028BD9EEC0014217A /* Info.plist */,
				CDD8206F28BDF5BB0014217A /* UIView+Extension.swift */,
			);
			path = "tca-pokemon";
			sourceTree = "<group>";
		};
		CDD8206C28BDB7350014217A /* View */ = {
			isa = PBXGroup;
			children = (
				CDD8206D28BDB8EC0014217A /* PokemonInfoCollectionViewCell.swift */,
			);
			path = View;
			sourceTree = "<group>";
		};
/* End PBXGroup section */

/* Begin PBXNativeTarget section */
		CDD8204E28BD9EEA0014217A /* tca-pokemon */ = {
			isa = PBXNativeTarget;
			buildConfigurationList = CDD8206328BD9EEC0014217A /* Build configuration list for PBXNativeTarget "tca-pokemon" */;
			buildPhases = (
				CDD8204B28BD9EEA0014217A /* Sources */,
				CDD8204C28BD9EEA0014217A /* Frameworks */,
				CDD8204D28BD9EEA0014217A /* Resources */,
			);
			buildRules = (
			);
			dependencies = (
			);
			name = "tca-pokemon";
			packageProductDependencies = (
				CDD8206728BDB42D0014217A /* ComposableArchitecture */,
				CDD8206A28BDB44B0014217A /* SnapKit */,
			);
			productName = "tca-pokemon";
			productReference = CDD8204F28BD9EEA0014217A /* tca-pokemon.app */;
			productType = "com.apple.product-type.application";
		};
/* End PBXNativeTarget section */

/* Begin PBXProject section */
		CDD8204728BD9EEA0014217A /* Project object */ = {
			isa = PBXProject;
			attributes = {
				BuildIndependentTargetsInParallel = 1;
				LastSwiftUpdateCheck = 1340;
				LastUpgradeCheck = 1340;
				TargetAttributes = {
					CDD8204E28BD9EEA0014217A = {
						CreatedOnToolsVersion = 13.4.1;
					};
				};
			};
			buildConfigurationList = CDD8204A28BD9EEA0014217A /* Build configuration list for PBXProject "tca-pokemon" */;
			compatibilityVersion = "Xcode 13.0";
			developmentRegion = en;
			hasScannedForEncodings = 0;
			knownRegions = (
				en,
				Base,
			);
			mainGroup = CDD8204628BD9EEA0014217A;
			packageReferences = (
				CDD8206628BDB42D0014217A /* XCRemoteSwiftPackageReference "swift-composable-architecture" */,
				CDD8206928BDB44B0014217A /* XCRemoteSwiftPackageReference "SnapKit" */,
			);
			productRefGroup = CDD8205028BD9EEA0014217A /* Products */;
			projectDirPath = "";
			projectRoot = "";
			targets = (
				CDD8204E28BD9EEA0014217A /* tca-pokemon */,
			);
		};
/* End PBXProject section */

/* Begin PBXResourcesBuildPhase section */
		CDD8204D28BD9EEA0014217A /* Resources */ = {
			isa = PBXResourcesBuildPhase;
			buildActionMask = 2147483647;
			files = (
				CDD8205F28BD9EEC0014217A /* LaunchScreen.storyboard in Resources */,
				CDD8205C28BD9EEC0014217A /* Assets.xcassets in Resources */,
			);
			runOnlyForDeploymentPostprocessing = 0;
		};
/* End PBXResourcesBuildPhase section */

/* Begin PBXSourcesBuildPhase section */
		CDD8204B28BD9EEA0014217A /* Sources */ = {
			isa = PBXSourcesBuildPhase;
			buildActionMask = 2147483647;
			files = (
				CDD8205728BD9EEA0014217A /* ViewController.swift in Sources */,
				CDD8205328BD9EEA0014217A /* AppDelegate.swift in Sources */,
				CDD8206E28BDB8EC0014217A /* PokemonInfoCollectionViewCell.swift in Sources */,
				CDD8207028BDF5BB0014217A /* UIView+Extension.swift in Sources */,
				CDD8205528BD9EEA0014217A /* SceneDelegate.swift in Sources */,
			);
			runOnlyForDeploymentPostprocessing = 0;
		};
/* End PBXSourcesBuildPhase section */

/* Begin PBXVariantGroup section */
		CDD8205D28BD9EEC0014217A /* LaunchScreen.storyboard */ = {
			isa = PBXVariantGroup;
			children = (
				CDD8205E28BD9EEC0014217A /* Base */,
			);
			name = LaunchScreen.storyboard;
			sourceTree = "<group>";
		};
/* End PBXVariantGroup section */

/* Begin XCBuildConfiguration section */
		CDD8206128BD9EEC0014217A /* Debug */ = {
			isa = XCBuildConfiguration;
			buildSettings = {
				ALWAYS_SEARCH_USER_PATHS = NO;
				CLANG_ANALYZER_NONNULL = YES;
				CLANG_ANALYZER_NUMBER_OBJECT_CONVERSION = YES_AGGRESSIVE;
				CLANG_CXX_LANGUAGE_STANDARD = "gnu++17";
				CLANG_ENABLE_MODULES = YES;
				CLANG_ENABLE_OBJC_ARC = YES;
				CLANG_ENABLE_OBJC_WEAK = YES;
				CLANG_WARN_BLOCK_CAPTURE_AUTORELEASING = YES;
				CLANG_WARN_BOOL_CONVERSION = YES;
				CLANG_WARN_COMMA = YES;
				CLANG_WARN_CONSTANT_CONVERSION = YES;
				CLANG_WARN_DEPRECATED_OBJC_IMPLEMENTATIONS = YES;
				CLANG_WARN_DIRECT_OBJC_ISA_USAGE = YES_ERROR;
				CLANG_WARN_DOCUMENTATION_COMMENTS = YES;
				CLANG_WARN_EMPTY_BODY = YES;
				CLANG_WARN_ENUM_CONVERSION = YES;
				CLANG_WARN_INFINITE_RECURSION = YES;
				CLANG_WARN_INT_CONVERSION = YES;
				CLANG_WARN_NON_LITERAL_NULL_CONVERSION = YES;
				CLANG_WARN_OBJC_IMPLICIT_RETAIN_SELF = YES;
				CLANG_WARN_OBJC_LITERAL_CONVERSION = YES;
				CLANG_WARN_OBJC_ROOT_CLASS = YES_ERROR;
				CLANG_WARN_QUOTED_INCLUDE_IN_FRAMEWORK_HEADER = YES;
				CLANG_WARN_RANGE_LOOP_ANALYSIS = YES;
				CLANG_WARN_STRICT_PROTOTYPES = YES;
				CLANG_WARN_SUSPICIOUS_MOVE = YES;
				CLANG_WARN_UNGUARDED_AVAILABILITY = YES_AGGRESSIVE;
				CLANG_WARN_UNREACHABLE_CODE = YES;
				CLANG_WARN__DUPLICATE_METHOD_MATCH = YES;
				COPY_PHASE_STRIP = NO;
				DEBUG_INFORMATION_FORMAT = dwarf;
				ENABLE_STRICT_OBJC_MSGSEND = YES;
				ENABLE_TESTABILITY = YES;
				GCC_C_LANGUAGE_STANDARD = gnu11;
				GCC_DYNAMIC_NO_PIC = NO;
				GCC_NO_COMMON_BLOCKS = YES;
				GCC_OPTIMIZATION_LEVEL = 0;
				GCC_PREPROCESSOR_DEFINITIONS = (
					"DEBUG=1",
					"$(inherited)",
				);
				GCC_WARN_64_TO_32_BIT_CONVERSION = YES;
				GCC_WARN_ABOUT_RETURN_TYPE = YES_ERROR;
				GCC_WARN_UNDECLARED_SELECTOR = YES;
				GCC_WARN_UNINITIALIZED_AUTOS = YES_AGGRESSIVE;
				GCC_WARN_UNUSED_FUNCTION = YES;
				GCC_WARN_UNUSED_VARIABLE = YES;
				IPHONEOS_DEPLOYMENT_TARGET = 15.5;
				MTL_ENABLE_DEBUG_INFO = INCLUDE_SOURCE;
				MTL_FAST_MATH = YES;
				ONLY_ACTIVE_ARCH = YES;
				SDKROOT = iphoneos;
				SWIFT_ACTIVE_COMPILATION_CONDITIONS = DEBUG;
				SWIFT_OPTIMIZATION_LEVEL = "-Onone";
			};
			name = Debug;
		};
		CDD8206228BD9EEC0014217A /* Release */ = {
			isa = XCBuildConfiguration;
			buildSettings = {
				ALWAYS_SEARCH_USER_PATHS = NO;
				CLANG_ANALYZER_NONNULL = YES;
				CLANG_ANALYZER_NUMBER_OBJECT_CONVERSION = YES_AGGRESSIVE;
				CLANG_CXX_LANGUAGE_STANDARD = "gnu++17";
				CLANG_ENABLE_MODULES = YES;
				CLANG_ENABLE_OBJC_ARC = YES;
				CLANG_ENABLE_OBJC_WEAK = YES;
				CLANG_WARN_BLOCK_CAPTURE_AUTORELEASING = YES;
				CLANG_WARN_BOOL_CONVERSION = YES;
				CLANG_WARN_COMMA = YES;
				CLANG_WARN_CONSTANT_CONVERSION = YES;
				CLANG_WARN_DEPRECATED_OBJC_IMPLEMENTATIONS = YES;
				CLANG_WARN_DIRECT_OBJC_ISA_USAGE = YES_ERROR;
				CLANG_WARN_DOCUMENTATION_COMMENTS = YES;
				CLANG_WARN_EMPTY_BODY = YES;
				CLANG_WARN_ENUM_CONVERSION = YES;
				CLANG_WARN_INFINITE_RECURSION = YES;
				CLANG_WARN_INT_CONVERSION = YES;
				CLANG_WARN_NON_LITERAL_NULL_CONVERSION = YES;
				CLANG_WARN_OBJC_IMPLICIT_RETAIN_SELF = YES;
				CLANG_WARN_OBJC_LITERAL_CONVERSION = YES;
				CLANG_WARN_OBJC_ROOT_CLASS = YES_ERROR;
				CLANG_WARN_QUOTED_INCLUDE_IN_FRAMEWORK_HEADER = YES;
				CLANG_WARN_RANGE_LOOP_ANALYSIS = YES;
				CLANG_WARN_STRICT_PROTOTYPES = YES;
				CLANG_WARN_SUSPICIOUS_MOVE = YES;
				CLANG_WARN_UNGUARDED_AVAILABILITY = YES_AGGRESSIVE;
				CLANG_WARN_UNREACHABLE_CODE = YES;
				CLANG_WARN__DUPLICATE_METHOD_MATCH = YES;
				COPY_PHASE_STRIP = NO;
				DEBUG_INFORMATION_FORMAT = "dwarf-with-dsym";
				ENABLE_NS_ASSERTIONS = NO;
				ENABLE_STRICT_OBJC_MSGSEND = YES;
				GCC_C_LANGUAGE_STANDARD = gnu11;
				GCC_NO_COMMON_BLOCKS = YES;
				GCC_WARN_64_TO_32_BIT_CONVERSION = YES;
				GCC_WARN_ABOUT_RETURN_TYPE = YES_ERROR;
				GCC_WARN_UNDECLARED_SELECTOR = YES;
				GCC_WARN_UNINITIALIZED_AUTOS = YES_AGGRESSIVE;
				GCC_WARN_UNUSED_FUNCTION = YES;
				GCC_WARN_UNUSED_VARIABLE = YES;
				IPHONEOS_DEPLOYMENT_TARGET = 15.5;
				MTL_ENABLE_DEBUG_INFO = NO;
				MTL_FAST_MATH = YES;
				SDKROOT = iphoneos;
				SWIFT_COMPILATION_MODE = wholemodule;
				SWIFT_OPTIMIZATION_LEVEL = "-O";
				VALIDATE_PRODUCT = YES;
			};
			name = Release;
		};
		CDD8206428BD9EEC0014217A /* Debug */ = {
			isa = XCBuildConfiguration;
			buildSettings = {
				ASSETCATALOG_COMPILER_APPICON_NAME = AppIcon;
				ASSETCATALOG_COMPILER_GLOBAL_ACCENT_COLOR_NAME = AccentColor;
				CODE_SIGN_STYLE = Automatic;
				CURRENT_PROJECT_VERSION = 1;
				DEVELOPMENT_TEAM = L2AU88G69D;
				GENERATE_INFOPLIST_FILE = YES;
				INFOPLIST_FILE = "tca-pokemon/Info.plist";
				INFOPLIST_KEY_UIApplicationSupportsIndirectInputEvents = YES;
				INFOPLIST_KEY_UILaunchStoryboardName = LaunchScreen;
				INFOPLIST_KEY_UISupportedInterfaceOrientations_iPad = "UIInterfaceOrientationPortrait UIInterfaceOrientationPortraitUpsideDown UIInterfaceOrientationLandscapeLeft UIInterfaceOrientationLandscapeRight";
				INFOPLIST_KEY_UISupportedInterfaceOrientations_iPhone = "UIInterfaceOrientationPortrait UIInterfaceOrientationLandscapeLeft UIInterfaceOrientationLandscapeRight";
				LD_RUNPATH_SEARCH_PATHS = (
					"$(inherited)",
					"@executable_path/Frameworks",
				);
				MARKETING_VERSION = 1.0;
				PRODUCT_BUNDLE_IDENTIFIER = "com.delma.tca-pokemon";
				PRODUCT_NAME = "$(TARGET_NAME)";
				SWIFT_EMIT_LOC_STRINGS = YES;
				SWIFT_VERSION = 5.0;
				TARGETED_DEVICE_FAMILY = "1,2";
			};
			name = Debug;
		};
		CDD8206528BD9EEC0014217A /* Release */ = {
			isa = XCBuildConfiguration;
			buildSettings = {
				ASSETCATALOG_COMPILER_APPICON_NAME = AppIcon;
				ASSETCATALOG_COMPILER_GLOBAL_ACCENT_COLOR_NAME = AccentColor;
				CODE_SIGN_STYLE = Automatic;
				CURRENT_PROJECT_VERSION = 1;
				DEVELOPMENT_TEAM = L2AU88G69D;
				GENERATE_INFOPLIST_FILE = YES;
				INFOPLIST_FILE = "tca-pokemon/Info.plist";
				INFOPLIST_KEY_UIApplicationSupportsIndirectInputEvents = YES;
				INFOPLIST_KEY_UILaunchStoryboardName = LaunchScreen;
				INFOPLIST_KEY_UISupportedInterfaceOrientations_iPad = "UIInterfaceOrientationPortrait UIInterfaceOrientationPortraitUpsideDown UIInterfaceOrientationLandscapeLeft UIInterfaceOrientationLandscapeRight";
				INFOPLIST_KEY_UISupportedInterfaceOrientations_iPhone = "UIInterfaceOrientationPortrait UIInterfaceOrientationLandscapeLeft UIInterfaceOrientationLandscapeRight";
				LD_RUNPATH_SEARCH_PATHS = (
					"$(inherited)",
					"@executable_path/Frameworks",
				);
				MARKETING_VERSION = 1.0;
				PRODUCT_BUNDLE_IDENTIFIER = "com.delma.tca-pokemon";
				PRODUCT_NAME = "$(TARGET_NAME)";
				SWIFT_EMIT_LOC_STRINGS = YES;
				SWIFT_VERSION = 5.0;
				TARGETED_DEVICE_FAMILY = "1,2";
			};
			name = Release;
		};
/* End XCBuildConfiguration section */

/* Begin XCConfigurationList section */
		CDD8204A28BD9EEA0014217A /* Build configuration list for PBXProject "tca-pokemon" */ = {
			isa = XCConfigurationList;
			buildConfigurations = (
				CDD8206128BD9EEC0014217A /* Debug */,
				CDD8206228BD9EEC0014217A /* Release */,
			);
			defaultConfigurationIsVisible = 0;
			defaultConfigurationName = Release;
		};
		CDD8206328BD9EEC0014217A /* Build configuration list for PBXNativeTarget "tca-pokemon" */ = {
			isa = XCConfigurationList;
			buildConfigurations = (
				CDD8206428BD9EEC0014217A /* Debug */,
				CDD8206528BD9EEC0014217A /* Release */,
			);
			defaultConfigurationIsVisible = 0;
			defaultConfigurationName = Release;
		};
/* End XCConfigurationList section */

/* Begin XCRemoteSwiftPackageReference section */
		CDD8206628BDB42D0014217A /* XCRemoteSwiftPackageReference "swift-composable-architecture" */ = {
			isa = XCRemoteSwiftPackageReference;
			repositoryURL = "https://github.com/pointfreeco/swift-composable-architecture";
			requirement = {
				branch = main;
				kind = branch;
			};
		};
		CDD8206928BDB44B0014217A /* XCRemoteSwiftPackageReference "SnapKit" */ = {
			isa = XCRemoteSwiftPackageReference;
			repositoryURL = "https://github.com/SnapKit/SnapKit";
			requirement = {
				kind = upToNextMajorVersion;
				minimumVersion = 5.0.0;
			};
		};
/* End XCRemoteSwiftPackageReference section */

/* Begin XCSwiftPackageProductDependency section */
		CDD8206728BDB42D0014217A /* ComposableArchitecture */ = {
			isa = XCSwiftPackageProductDependency;
			package = CDD8206628BDB42D0014217A /* XCRemoteSwiftPackageReference "swift-composable-architecture" */;
			productName = ComposableArchitecture;
		};
		CDD8206A28BDB44B0014217A /* SnapKit */ = {
			isa = XCSwiftPackageProductDependency;
			package = CDD8206928BDB44B0014217A /* XCRemoteSwiftPackageReference "SnapKit" */;
			productName = SnapKit;
		};
/* End XCSwiftPackageProductDependency section */
	};
	rootObject = CDD8204728BD9EEA0014217A /* Project object */;
}
